
Microsoft Visual Studio Solution File, Format Version 12.00
# Visual Studio Version 16
VisualStudioVersion = 16.0.31005.135
MinimumVisualStudioVersion = 10.0.40219.1
Project("{FAE04EC0-301F-11D3-BF4B-00C04F79EFBC}") = "HairApp.Common", "HairApp.Common\HairApp.Common.csproj", "{7DAC120E-A80D-4EA6-BDDD-2DA62E5938B8}"
EndProject
Project("{FAE04EC0-301F-11D3-BF4B-00C04F79EFBC}") = "HairApp.Web", "HairApp.Web\HairApp.Web.csproj", "{AD7AC366-AAB1-43C7-90A3-0E8EA8B4AB6C}"
EndProject
Global
	GlobalSection(SolutionConfigurationPlatforms) = preSolution
		Debug|Any CPU = Debug|Any CPU
		Release|Any CPU = Release|Any CPU
	EndGlobalSection
	GlobalSection(ProjectConfigurationPlatforms) = postSolution
		{7DAC120E-A80D-4EA6-BDDD-2DA62E5938B8}.Debug|Any CPU.ActiveCfg = Debug|Any CPU
		{7DAC120E-A80D-4EA6-BDDD-2DA62E5938B8}.Debug|Any CPU.Build.0 = Debug|Any CPU
		{7DAC120E-A80D-4EA6-BDDD-2DA62E5938B8}.Release|Any CPU.ActiveCfg = Release|Any CPU
		{7DAC120E-A80D-4EA6-BDDD-2DA62E5938B8}.Release|Any CPU.Build.0 = Release|Any CPU
		{AD7AC366-AAB1-43C7-90A3-0E8EA8B4AB6C}.Debug|Any CPU.ActiveCfg = Debug|Any CPU
		{AD7AC366-AAB1-43C7-90A3-0E8EA8B4AB6C}.Debug|Any CPU.Build.0 = Debug|Any CPU
		{AD7AC366-AAB1-43C7-90A3-0E8EA8B4AB6C}.Release|Any CPU.ActiveCfg = Release|Any CPU
		{AD7AC366-AAB1-43C7-90A3-0E8EA8B4AB6C}.Release|Any CPU.Build.0 = Release|Any CPU
	EndGlobalSection
	GlobalSection(SolutionProperties) = preSolution
		HideSolutionNode = FALSE
	EndGlobalSection
	GlobalSection(ExtensibilityGlobals) = postSolution
		SolutionGuid = {EA6D71C4-E9EE-4D9C-8978-45621663E0A6}
	EndGlobalSection
EndGlobal
